
Microsoft Visual Studio Solution File, Format Version 12.00
# Visual Studio Version 17
VisualStudioVersion = 17.0.32014.148
MinimumVisualStudioVersion = 10.0.40219.1
Project("{FAE04EC0-301F-11D3-BF4B-00C04F79EFBC}") = "DemoAppS7andOPCUA", "DemoAppS7andOPCUA.csproj", "{C1900E5E-9178-45EB-B525-1C1A209C7646}"
EndProject
Global
	GlobalSection(SolutionConfigurationPlatforms) = preSolution
		Debug|Any CPU = Debug|Any CPU
		Release|Any CPU = Release|Any CPU
	EndGlobalSection
	GlobalSection(ProjectConfigurationPlatforms) = postSolution
		{C1900E5E-9178-45EB-B525-1C1A209C7646}.Debug|Any CPU.ActiveCfg = Debug|Any CPU
		{C1900E5E-9178-45EB-B525-1C1A209C7646}.Debug|Any CPU.Build.0 = Debug|Any CPU
		{C1900E5E-9178-45EB-B525-1C1A209C7646}.Release|Any CPU.ActiveCfg = Release|Any CPU
		{C1900E5E-9178-45EB-B525-1C1A209C7646}.Release|Any CPU.Build.0 = Release|Any CPU
	EndGlobalSection
	GlobalSection(SolutionProperties) = preSolution
		HideSolutionNode = FALSE
	EndGlobalSection
	GlobalSection(ExtensibilityGlobals) = postSolution
		SolutionGuid = {7DE4E5E5-2157-45DF-A48E-B2CC2D8E2E44}
	EndGlobalSection
EndGlobal
